github.com/davecgh/go-spew v1.1.1/go.mod h1:J7Y8YcW2NihsgmVo/mv3lAwl/skON4iLHjSsI+c5H38=
github.com/dohrm/go-rsql v0.0.0-20181116171024-affefb5c7b4a h1:WZQDccGuI+n9kmv6d4DDB11bS5IPnDnA9a3DzgQ/Wbw=
github.com/dohrm/go-rsql v0.0.0-20181116171024-affefb5c7b4a/go.mod h1:a28BxFXUvsTIcfvkdzZv0SBXAB306lazuCQ9dDPONG4=
github.com/go-chi/chi v3.3.3+incompatible h1:KHkmBEMNkwKuK4FdQL7N2wOeB9jnIx7jR5wsuSBEFI8=
github.com/go-chi/chi v3.3.3+incompatible/go.mod h1:eB3wogJHnLi3x/kFX2A+IbTBlXxmMeXJVKy9tTv1XzQ=
github.com/go-chi/render v1.0.1 h1:4/5tis2cKaNdnv9zFLfXzcquC9HbeZgCnxGnKrltBS8=
github.com/go-chi/render v1.0.1/go.mod h1:pq4Rr7HbnsdaeHagklXub+p6Wd16Af5l9koip1OvJns=
github.com/graphql-go/graphql v0.7.8 h1:769CR/2JNAhLG9+aa8pfLkKdR0H+r5lsQqling5WwpU=
github.com/graphql-go/graphql v0.7.8/go.mod h1:k6yrAYQaSP59DC5UVxbgxESlmVyojThKdORUqGDGmrI=
github.com/pmezard/go-difflib v1.0.0/go.mod h1:iKH77koFhYxTK1pcRnkKkqfTogsbg7gZNVY4sRDYZ/4=
github.com/stretchr/testify v1.2.2/go.mod h1:a8OnRcib4nhh0OaRAV+Yts87kKdq0PP7pXfy6kDkUVs=
gopkg.in/asaskevich/govalidator.v4 v4.0.0-20160518190739-766470278477 h1:5xUJw+lg4zao9W4HIDzlFbMYgSgtvNVHh00MEHvbGpQ=
gopkg.in/asaskevich/govalidator.v4 v4.0.0-20160518190739-766470278477/go.mod h1:QDV1vrFSrowdoOba0UM8VJPUZONT7dnfdLsM+GG53Z8=
